
Microsoft Visual Studio Solution File, Format Version 12.00
# Visual Studio Version 16
VisualStudioVersion = 16.0.31205.134
MinimumVisualStudioVersion = 10.0.40219.1
Project("{FAE04EC0-301F-11D3-BF4B-00C04F79EFBC}") = "Ecommerce", "Ecommerce\Ecommerce.csproj", "{8A41ECE8-DFC4-4072-955B-2087DB15B4C5}"
EndProject
Global
	GlobalSection(SolutionConfigurationPlatforms) = preSolution
		Debug|Any CPU = Debug|Any CPU
		Release|Any CPU = Release|Any CPU
	EndGlobalSection
	GlobalSection(ProjectConfigurationPlatforms) = postSolution
		{8A41ECE8-DFC4-4072-955B-2087DB15B4C5}.Debug|Any CPU.ActiveCfg = Debug|Any CPU
		{8A41ECE8-DFC4-4072-955B-2087DB15B4C5}.Debug|Any CPU.Build.0 = Debug|Any CPU
		{8A41ECE8-DFC4-4072-955B-2087DB15B4C5}.Release|Any CPU.ActiveCfg = Release|Any CPU
		{8A41ECE8-DFC4-4072-955B-2087DB15B4C5}.Release|Any CPU.Build.0 = Release|Any CPU
	EndGlobalSection
	GlobalSection(SolutionProperties) = preSolution
		HideSolutionNode = FALSE
	EndGlobalSection
	GlobalSection(ExtensibilityGlobals) = postSolution
		SolutionGuid = {DE0FF285-FFDB-4CBC-97AB-8E0BD3A2FDCD}
	EndGlobalSection
EndGlobal
